// !$*UTF8*$!
{
	archiveVersion = 1;
	classes = {
	};
	objectVersion = 56;
	objects = {

/* Begin PBXBuildFile section */
		752ECFCE2B119B8300498245 /* AppDelegate.swift in Sources */ = {isa = PBXBuildFile; fileRef = 752ECFCD2B119B8300498245 /* AppDelegate.swift */; };
		752ECFD02B119B8300498245 /* SceneDelegate.swift in Sources */ = {isa = PBXBuildFile; fileRef = 752ECFCF2B119B8300498245 /* SceneDelegate.swift */; };
		752ECFD22B119B8300498245 /* ViewController.swift in Sources */ = {isa = PBXBuildFile; fileRef = 752ECFD12B119B8300498245 /* ViewController.swift */; };
		752ECFD52B119B8300498245 /* Main.storyboard in Resources */ = {isa = PBXBuildFile; fileRef = 752ECFD32B119B8300498245 /* Main.storyboard */; };
		752ECFD72B119B8400498245 /* Assets.xcassets in Resources */ = {isa = PBXBuildFile; fileRef = 752ECFD62B119B8400498245 /* Assets.xcassets */; };
		752ECFDA2B119B8400498245 /* LaunchScreen.storyboard in Resources */ = {isa = PBXBuildFile; fileRef = 752ECFD82B119B8400498245 /* LaunchScreen.storyboard */; };
		752ECFFF2B119BCA00498245 /* MessageKit in Frameworks */ = {isa = PBXBuildFile; productRef = 752ECFFE2B119BCA00498245 /* MessageKit */; };
		752ED0012B119C4500498245 /* Mock.swift in Sources */ = {isa = PBXBuildFile; fileRef = 752ED0002B119C4500498245 /* Mock.swift */; };
/* End PBXBuildFile section */

/* Begin PBXContainerItemProxy section */
		752ECFE12B119B8400498245 /* PBXContainerItemProxy */ = {
			isa = PBXContainerItemProxy;
			containerPortal = 752ECFC22B119B8300498245 /* Project object */;
			proxyType = 1;
			remoteGlobalIDString = 752ECFC92B119B8300498245;
			remoteInfo = "sample-messenger-kit";
		};
		752ECFEB2B119B8400498245 /* PBXContainerItemProxy */ = {
			isa = PBXContainerItemProxy;
			containerPortal = 752ECFC22B119B8300498245 /* Project object */;
			proxyType = 1;
			remoteGlobalIDString = 752ECFC92B119B8300498245;
			remoteInfo = "sample-messenger-kit";
		};
/* End PBXContainerItemProxy section */

/* Begin PBXFileReference section */
		752ECFCA2B119B8300498245 /* sample-messenger-kit.app */ = {isa = PBXFileReference; explicitFileType = wrapper.application; includeInIndex = 0; path = "sample-messenger-kit.app"; sourceTree = BUILT_PRODUCTS_DIR; };
		752ECFCD2B119B8300498245 /* AppDelegate.swift */ = {isa = PBXFileReference; lastKnownFileType = sourcecode.swift; path = AppDelegate.swift; sourceTree = "<group>"; };
		752ECFCF2B119B8300498245 /* SceneDelegate.swift */ = {isa = PBXFileReference; lastKnownFileType = sourcecode.swift; path = SceneDelegate.swift; sourceTree = "<group>"; };
		752ECFD12B119B8300498245 /* ViewController.swift */ = {isa = PBXFileReference; lastKnownFileType = sourcecode.swift; path = ViewController.swift; sourceTree = "<group>"; };
		752ECFD42B119B8300498245 /* Base */ = {isa = PBXFileReference; lastKnownFileType = file.storyboard; name = Base; path = Base.lproj/Main.storyboard; sourceTree = "<group>"; };
		752ECFD62B119B8400498245 /* Assets.xcassets */ = {isa = PBXFileReference; lastKnownFileType = folder.assetcatalog; path = Assets.xcassets; sourceTree = "<group>"; };
		752ECFD92B119B8400498245 /* Base */ = {isa = PBXFileReference; lastKnownFileType = file.storyboard; name = Base; path = Base.lproj/LaunchScreen.storyboard; sourceTree = "<group>"; };
		752ECFDB2B119B8400498245 /* Info.plist */ = {isa = PBXFileReference; lastKnownFileType = text.plist.xml; path = Info.plist; sourceTree = "<group>"; };
		752ECFE02B119B8400498245 /* sample-messenger-kitTests.xctest */ = {isa = PBXFileReference; explicitFileType = wrapper.cfbundle; includeInIndex = 0; path = "sample-messenger-kitTests.xctest"; sourceTree = BUILT_PRODUCTS_DIR; };
		752ECFEA2B119B8400498245 /* sample-messenger-kitUITests.xctest */ = {isa = PBXFileReference; explicitFileType = wrapper.cfbundle; includeInIndex = 0; path = "sample-messenger-kitUITests.xctest"; sourceTree = BUILT_PRODUCTS_DIR; };
		752ED0002B119C4500498245 /* Mock.swift */ = {isa = PBXFileReference; lastKnownFileType = sourcecode.swift; path = Mock.swift; sourceTree = "<group>"; };
/* End PBXFileReference section */

/* Begin PBXFrameworksBuildPhase section */
		752ECFC72B119B8300498245 /* Frameworks */ = {
			isa = PBXFrameworksBuildPhase;
			buildActionMask = 2147483647;
			files = (
				752ECFFF2B119BCA00498245 /* MessageKit in Frameworks */,
			);
			runOnlyForDeploymentPostprocessing = 0;
		};
		752ECFDD2B119B8400498245 /* Frameworks */ = {
			isa = PBXFrameworksBuildPhase;
			buildActionMask = 2147483647;
			files = (
			);
			runOnlyForDeploymentPostprocessing = 0;
		};
		752ECFE72B119B8400498245 /* Frameworks */ = {
			isa = PBXFrameworksBuildPhase;
			buildActionMask = 2147483647;
			files = (
			);
			runOnlyForDeploymentPostprocessing = 0;
		};
/* End PBXFrameworksBuildPhase section */

/* Begin PBXGroup section */
		752ECFC12B119B8300498245 = {
			isa = PBXGroup;
			children = (
				752ECFCC2B119B8300498245 /* sample-messenger-kit */,
				752ECFCB2B119B8300498245 /* Products */,
			);
			sourceTree = "<group>";
		};
		752ECFCB2B119B8300498245 /* Products */ = {
			isa = PBXGroup;
			children = (
				752ECFCA2B119B8300498245 /* sample-messenger-kit.app */,
				752ECFE02B119B8400498245 /* sample-messenger-kitTests.xctest */,
				752ECFEA2B119B8400498245 /* sample-messenger-kitUITests.xctest */,
			);
			name = Products;
			sourceTree = "<group>";
		};
		752ECFCC2B119B8300498245 /* sample-messenger-kit */ = {
			isa = PBXGroup;
			children = (
				752ECFCD2B119B8300498245 /* AppDelegate.swift */,
				752ECFCF2B119B8300498245 /* SceneDelegate.swift */,
				752ECFD12B119B8300498245 /* ViewController.swift */,
				752ECFD32B119B8300498245 /* Main.storyboard */,
				752ECFD62B119B8400498245 /* Assets.xcassets */,
				752ECFD82B119B8400498245 /* LaunchScreen.storyboard */,
				752ECFDB2B119B8400498245 /* Info.plist */,
				752ED0002B119C4500498245 /* Mock.swift */,
			);
			path = "sample-messenger-kit";
			sourceTree = "<group>";
		};
/* End PBXGroup section */

/* Begin PBXNativeTarget section */
		752ECFC92B119B8300498245 /* sample-messenger-kit */ = {
			isa = PBXNativeTarget;
			buildConfigurationList = 752ECFF42B119B8400498245 /* Build configuration list for PBXNativeTarget "sample-messenger-kit" */;
			buildPhases = (
				752ECFC62B119B8300498245 /* Sources */,
				752ECFC72B119B8300498245 /* Frameworks */,
				752ECFC82B119B8300498245 /* Resources */,
			);
			buildRules = (
			);
			dependencies = (
			);
			name = "sample-messenger-kit";
			packageProductDependencies = (
				752ECFFE2B119BCA00498245 /* MessageKit */,
			);
			productName = "sample-messenger-kit";
			productReference = 752ECFCA2B119B8300498245 /* sample-messenger-kit.app */;
			productType = "com.apple.product-type.application";
		};
		752ECFDF2B119B8400498245 /* sample-messenger-kitTests */ = {
			isa = PBXNativeTarget;
			buildConfigurationList = 752ECFF72B119B8400498245 /* Build configuration list for PBXNativeTarget "sample-messenger-kitTests" */;
			buildPhases = (
				752ECFDC2B119B8400498245 /* Sources */,
				752ECFDD2B119B8400498245 /* Frameworks */,
				752ECFDE2B119B8400498245 /* Resources */,
			);
			buildRules = (
			);
			dependencies = (
				752ECFE22B119B8400498245 /* PBXTargetDependency */,
			);
			name = "sample-messenger-kitTests";
			productName = "sample-messenger-kitTests";
			productReference = 752ECFE02B119B8400498245 /* sample-messenger-kitTests.xctest */;
			productType = "com.apple.product-type.bundle.unit-test";
		};
		752ECFE92B119B8400498245 /* sample-messenger-kitUITests */ = {
			isa = PBXNativeTarget;
			buildConfigurationList = 752ECFFA2B119B8400498245 /* Build configuration list for PBXNativeTarget "sample-messenger-kitUITests" */;
			buildPhases = (
				752ECFE62B119B8400498245 /* Sources */,
				752ECFE72B119B8400498245 /* Frameworks */,
				752ECFE82B119B8400498245 /* Resources */,
			);
			buildRules = (
			);
			dependencies = (
				752ECFEC2B119B8400498245 /* PBXTargetDependency */,
			);
			name = "sample-messenger-kitUITests";
			productName = "sample-messenger-kitUITests";
			productReference = 752ECFEA2B119B8400498245 /* sample-messenger-kitUITests.xctest */;
			productType = "com.apple.product-type.bundle.ui-testing";
		};
/* End PBXNativeTarget section */

/* Begin PBXProject section */
		752ECFC22B119B8300498245 /* Project object */ = {
			isa = PBXProject;
			attributes = {
				BuildIndependentTargetsInParallel = 1;
				LastSwiftUpdateCheck = 1500;
				LastUpgradeCheck = 1500;
				TargetAttributes = {
					752ECFC92B119B8300498245 = {
						CreatedOnToolsVersion = 15.0.1;
					};
					752ECFDF2B119B8400498245 = {
						CreatedOnToolsVersion = 15.0.1;
						TestTargetID = 752ECFC92B119B8300498245;
					};
					752ECFE92B119B8400498245 = {
						CreatedOnToolsVersion = 15.0.1;
						TestTargetID = 752ECFC92B119B8300498245;
					};
				};
			};
			buildConfigurationList = 752ECFC52B119B8300498245 /* Build configuration list for PBXProject "sample-messenger-kit" */;
			compatibilityVersion = "Xcode 14.0";
			developmentRegion = en;
			hasScannedForEncodings = 0;
			knownRegions = (
				en,
				Base,
			);
			mainGroup = 752ECFC12B119B8300498245;
			packageReferences = (
				752ECFFD2B119BCA00498245 /* XCRemoteSwiftPackageReference "MessageKit" */,
			);
			productRefGroup = 752ECFCB2B119B8300498245 /* Products */;
			projectDirPath = "";
			projectRoot = "";
			targets = (
				752ECFC92B119B8300498245 /* sample-messenger-kit */,
				752ECFDF2B119B8400498245 /* sample-messenger-kitTests */,
				752ECFE92B119B8400498245 /* sample-messenger-kitUITests */,
			);
		};
/* End PBXProject section */

/* Begin PBXResourcesBuildPhase section */
		752ECFC82B119B8300498245 /* Resources */ = {
			isa = PBXResourcesBuildPhase;
			buildActionMask = 2147483647;
			files = (
				752ECFDA2B119B8400498245 /* LaunchScreen.storyboard in Resources */,
				752ECFD72B119B8400498245 /* Assets.xcassets in Resources */,
				752ECFD52B119B8300498245 /* Main.storyboard in Resources */,
			);
			runOnlyForDeploymentPostprocessing = 0;
		};
		752ECFDE2B119B8400498245 /* Resources */ = {
			isa = PBXResourcesBuildPhase;
			buildActionMask = 2147483647;
			files = (
			);
			runOnlyForDeploymentPostprocessing = 0;
		};
		752ECFE82B119B8400498245 /* Resources */ = {
			isa = PBXResourcesBuildPhase;
			buildActionMask = 2147483647;
			files = (
			);
			runOnlyForDeploymentPostprocessing = 0;
		};
/* End PBXResourcesBuildPhase section */

/* Begin PBXSourcesBuildPhase section */
		752ECFC62B119B8300498245 /* Sources */ = {
			isa = PBXSourcesBuildPhase;
			buildActionMask = 2147483647;
			files = (
				752ECFD22B119B8300498245 /* ViewController.swift in Sources */,
				752ECFCE2B119B8300498245 /* AppDelegate.swift in Sources */,
				752ECFD02B119B8300498245 /* SceneDelegate.swift in Sources */,
				752ED0012B119C4500498245 /* Mock.swift in Sources */,
			);
			runOnlyForDeploymentPostprocessing = 0;
		};
		752ECFDC2B119B8400498245 /* Sources */ = {
			isa = PBXSourcesBuildPhase;
			buildActionMask = 2147483647;
			files = (
			);
			runOnlyForDeploymentPostprocessing = 0;
		};
		752ECFE62B119B8400498245 /* Sources */ = {
			isa = PBXSourcesBuildPhase;
			buildActionMask = 2147483647;
			files = (
			);
			runOnlyForDeploymentPostprocessing = 0;
		};
/* End PBXSourcesBuildPhase section */

/* Begin PBXTargetDependency section */
		752ECFE22B119B8400498245 /* PBXTargetDependency */ = {
			isa = PBXTargetDependency;
			target = 752ECFC92B119B8300498245 /* sample-messenger-kit */;
			targetProxy = 752ECFE12B119B8400498245 /* PBXContainerItemProxy */;
		};
		752ECFEC2B119B8400498245 /* PBXTargetDependency */ = {
			isa = PBXTargetDependency;
			target = 752ECFC92B119B8300498245 /* sample-messenger-kit */;
			targetProxy = 752ECFEB2B119B8400498245 /* PBXContainerItemProxy */;
		};
/* End PBXTargetDependency section */

/* Begin PBXVariantGroup section */
		752ECFD32B119B8300498245 /* Main.storyboard */ = {
			isa = PBXVariantGroup;
			children = (
				752ECFD42B119B8300498245 /* Base */,
			);
			name = Main.storyboard;
			sourceTree = "<group>";
		};
		752ECFD82B119B8400498245 /* LaunchScreen.storyboard */ = {
			isa = PBXVariantGroup;
			children = (
				752ECFD92B119B8400498245 /* Base */,
			);
			name = LaunchScreen.storyboard;
			sourceTree = "<group>";
		};
/* End PBXVariantGroup section */

/* Begin XCBuildConfiguration section */
		752ECFF22B119B8400498245 /* Debug */ = {
			isa = XCBuildConfiguration;
			buildSettings = {
				ALWAYS_SEARCH_USER_PATHS = NO;
				ASSETCATALOG_COMPILER_GENERATE_SWIFT_ASSET_SYMBOL_EXTENSIONS = YES;
				CLANG_ANALYZER_NONNULL = YES;
				CLANG_ANALYZER_NUMBER_OBJECT_CONVERSION = YES_AGGRESSIVE;
				CLANG_CXX_LANGUAGE_STANDARD = "gnu++20";
				CLANG_ENABLE_MODULES = YES;
				CLANG_ENABLE_OBJC_ARC = YES;
				CLANG_ENABLE_OBJC_WEAK = YES;
				CLANG_WARN_BLOCK_CAPTURE_AUTORELEASING = YES;
				CLANG_WARN_BOOL_CONVERSION = YES;
				CLANG_WARN_COMMA = YES;
				CLANG_WARN_CONSTANT_CONVERSION = YES;
				CLANG_WARN_DEPRECATED_OBJC_IMPLEMENTATIONS = YES;
				CLANG_WARN_DIRECT_OBJC_ISA_USAGE = YES_ERROR;
				CLANG_WARN_DOCUMENTATION_COMMENTS = YES;
				CLANG_WARN_EMPTY_BODY = YES;
				CLANG_WARN_ENUM_CONVERSION = YES;
				CLANG_WARN_INFINITE_RECURSION = YES;
				CLANG_WARN_INT_CONVERSION = YES;
				CLANG_WARN_NON_LITERAL_NULL_CONVERSION = YES;
				CLANG_WARN_OBJC_IMPLICIT_RETAIN_SELF = YES;
				CLANG_WARN_OBJC_LITERAL_CONVERSION = YES;
				CLANG_WARN_OBJC_ROOT_CLASS = YES_ERROR;
				CLANG_WARN_QUOTED_INCLUDE_IN_FRAMEWORK_HEADER = YES;
				CLANG_WARN_RANGE_LOOP_ANALYSIS = YES;
				CLANG_WARN_STRICT_PROTOTYPES = YES;
				CLANG_WARN_SUSPICIOUS_MOVE = YES;
				CLANG_WARN_UNGUARDED_AVAILABILITY = YES_AGGRESSIVE;
				CLANG_WARN_UNREACHABLE_CODE = YES;
				CLANG_WARN__DUPLICATE_METHOD_MATCH = YES;
				COPY_PHASE_STRIP = NO;
				DEBUG_INFORMATION_FORMAT = dwarf;
				ENABLE_STRICT_OBJC_MSGSEND = YES;
				ENABLE_TESTABILITY = YES;
				ENABLE_USER_SCRIPT_SANDBOXING = YES;
				GCC_C_LANGUAGE_STANDARD = gnu17;
				GCC_DYNAMIC_NO_PIC = NO;
				GCC_NO_COMMON_BLOCKS = YES;
				GCC_OPTIMIZATION_LEVEL = 0;
				GCC_PREPROCESSOR_DEFINITIONS = (
					"DEBUG=1",
					"$(inherited)",
				);
				GCC_WARN_64_TO_32_BIT_CONVERSION = YES;
				GCC_WARN_ABOUT_RETURN_TYPE = YES_ERROR;
				GCC_WARN_UNDECLARED_SELECTOR = YES;
				GCC_WARN_UNINITIALIZED_AUTOS = YES_AGGRESSIVE;
				GCC_WARN_UNUSED_FUNCTION = YES;
				GCC_WARN_UNUSED_VARIABLE = YES;
				IPHONEOS_DEPLOYMENT_TARGET = 17.0;
				LOCALIZATION_PREFERS_STRING_CATALOGS = YES;
				MTL_ENABLE_DEBUG_INFO = INCLUDE_SOURCE;
				MTL_FAST_MATH = YES;
				ONLY_ACTIVE_ARCH = YES;
				SDKROOT = iphoneos;
				SWIFT_ACTIVE_COMPILATION_CONDITIONS = "DEBUG $(inherited)";
				SWIFT_OPTIMIZATION_LEVEL = "-Onone";
			};
			name = Debug;
		};
		752ECFF32B119B8400498245 /* Release */ = {
			isa = XCBuildConfiguration;
			buildSettings = {
				ALWAYS_SEARCH_USER_PATHS = NO;
				ASSETCATALOG_COMPILER_GENERATE_SWIFT_ASSET_SYMBOL_EXTENSIONS = YES;
				CLANG_ANALYZER_NONNULL = YES;
				CLANG_ANALYZER_NUMBER_OBJECT_CONVERSION = YES_AGGRESSIVE;
				CLANG_CXX_LANGUAGE_STANDARD = "gnu++20";
				CLANG_ENABLE_MODULES = YES;
				CLANG_ENABLE_OBJC_ARC = YES;
				CLANG_ENABLE_OBJC_WEAK = YES;
				CLANG_WARN_BLOCK_CAPTURE_AUTORELEASING = YES;
				CLANG_WARN_BOOL_CONVERSION = YES;
				CLANG_WARN_COMMA = YES;
				CLANG_WARN_CONSTANT_CONVERSION = YES;
				CLANG_WARN_DEPRECATED_OBJC_IMPLEMENTATIONS = YES;
				CLANG_WARN_DIRECT_OBJC_ISA_USAGE = YES_ERROR;
				CLANG_WARN_DOCUMENTATION_COMMENTS = YES;
				CLANG_WARN_EMPTY_BODY = YES;
				CLANG_WARN_ENUM_CONVERSION = YES;
				CLANG_WARN_INFINITE_RECURSION = YES;
				CLANG_WARN_INT_CONVERSION = YES;
				CLANG_WARN_NON_LITERAL_NULL_CONVERSION = YES;
				CLANG_WARN_OBJC_IMPLICIT_RETAIN_SELF = YES;
				CLANG_WARN_OBJC_LITERAL_CONVERSION = YES;
				CLANG_WARN_OBJC_ROOT_CLASS = YES_ERROR;
				CLANG_WARN_QUOTED_INCLUDE_IN_FRAMEWORK_HEADER = YES;
				CLANG_WARN_RANGE_LOOP_ANALYSIS = YES;
				CLANG_WARN_STRICT_PROTOTYPES = YES;
				CLANG_WARN_SUSPICIOUS_MOVE = YES;
				CLANG_WARN_UNGUARDED_AVAILABILITY = YES_AGGRESSIVE;
				CLANG_WARN_UNREACHABLE_CODE = YES;
				CLANG_WARN__DUPLICATE_METHOD_MATCH = YES;
				COPY_PHASE_STRIP = NO;
				DEBUG_INFORMATION_FORMAT = "dwarf-with-dsym";
				ENABLE_NS_ASSERTIONS = NO;
				ENABLE_STRICT_OBJC_MSGSEND = YES;
				ENABLE_USER_SCRIPT_SANDBOXING = YES;
				GCC_C_LANGUAGE_STANDARD = gnu17;
				GCC_NO_COMMON_BLOCKS = YES;
				GCC_WARN_64_TO_32_BIT_CONVERSION = YES;
				GCC_WARN_ABOUT_RETURN_TYPE = YES_ERROR;
				GCC_WARN_UNDECLARED_SELECTOR = YES;
				GCC_WARN_UNINITIALIZED_AUTOS = YES_AGGRESSIVE;
				GCC_WARN_UNUSED_FUNCTION = YES;
				GCC_WARN_UNUSED_VARIABLE = YES;
				IPHONEOS_DEPLOYMENT_TARGET = 17.0;
				LOCALIZATION_PREFERS_STRING_CATALOGS = YES;
				MTL_ENABLE_DEBUG_INFO = NO;
				MTL_FAST_MATH = YES;
				SDKROOT = iphoneos;
				SWIFT_COMPILATION_MODE = wholemodule;
				VALIDATE_PRODUCT = YES;
			};
			name = Release;
		};
		752ECFF52B119B8400498245 /* Debug */ = {
			isa = XCBuildConfiguration;
			buildSettings = {
				ASSETCATALOG_COMPILER_APPICON_NAME = AppIcon;
				ASSETCATALOG_COMPILER_GLOBAL_ACCENT_COLOR_NAME = AccentColor;
				CODE_SIGN_STYLE = Automatic;
				CURRENT_PROJECT_VERSION = 1;
				GENERATE_INFOPLIST_FILE = YES;
				INFOPLIST_FILE = "sample-messenger-kit/Info.plist";
				INFOPLIST_KEY_UIApplicationSupportsIndirectInputEvents = YES;
				INFOPLIST_KEY_UILaunchStoryboardName = LaunchScreen;
				INFOPLIST_KEY_UIMainStoryboardFile = Main;
				INFOPLIST_KEY_UISupportedInterfaceOrientations_iPad = "UIInterfaceOrientationPortrait UIInterfaceOrientationPortraitUpsideDown UIInterfaceOrientationLandscapeLeft UIInterfaceOrientationLandscapeRight";
				INFOPLIST_KEY_UISupportedInterfaceOrientations_iPhone = "UIInterfaceOrientationPortrait UIInterfaceOrientationLandscapeLeft UIInterfaceOrientationLandscapeRight";
				LD_RUNPATH_SEARCH_PATHS = (
					"$(inherited)",
					"@executable_path/Frameworks",
				);
				MARKETING_VERSION = 1.0;
				PRODUCT_BUNDLE_IDENTIFIER = "tech.gassi.sample-messenger-kit";
				PRODUCT_NAME = "$(TARGET_NAME)";
				SWIFT_EMIT_LOC_STRINGS = YES;
				SWIFT_VERSION = 5.0;
				TARGETED_DEVICE_FAMILY = "1,2";
			};
			name = Debug;
		};
		752ECFF62B119B8400498245 /* Release */ = {
			isa = XCBuildConfiguration;
			buildSettings = {
				ASSETCATALOG_COMPILER_APPICON_NAME = AppIcon;
				ASSETCATALOG_COMPILER_GLOBAL_ACCENT_COLOR_NAME = AccentColor;
				CODE_SIGN_STYLE = Automatic;
				CURRENT_PROJECT_VERSION = 1;
				GENERATE_INFOPLIST_FILE = YES;
				INFOPLIST_FILE = "sample-messenger-kit/Info.plist";
				INFOPLIST_KEY_UIApplicationSupportsIndirectInputEvents = YES;
				INFOPLIST_KEY_UILaunchStoryboardName = LaunchScreen;
				INFOPLIST_KEY_UIMainStoryboardFile = Main;
				INFOPLIST_KEY_UISupportedInterfaceOrientations_iPad = "UIInterfaceOrientationPortrait UIInterfaceOrientationPortraitUpsideDown UIInterfaceOrientationLandscapeLeft UIInterfaceOrientationLandscapeRight";
				INFOPLIST_KEY_UISupportedInterfaceOrientations_iPhone = "UIInterfaceOrientationPortrait UIInterfaceOrientationLandscapeLeft UIInterfaceOrientationLandscapeRight";
				LD_RUNPATH_SEARCH_PATHS = (
					"$(inherited)",
					"@executable_path/Frameworks",
				);
				MARKETING_VERSION = 1.0;
				PRODUCT_BUNDLE_IDENTIFIER = "tech.gassi.sample-messenger-kit";
				PRODUCT_NAME = "$(TARGET_NAME)";
				SWIFT_EMIT_LOC_STRINGS = YES;
				SWIFT_VERSION = 5.0;
				TARGETED_DEVICE_FAMILY = "1,2";
			};
			name = Release;
		};
		752ECFF82B119B8400498245 /* Debug */ = {
			isa = XCBuildConfiguration;
			buildSettings = {
				ALWAYS_EMBED_SWIFT_STANDARD_LIBRARIES = YES;
				BUNDLE_LOADER = "$(TEST_HOST)";
				CODE_SIGN_STYLE = Automatic;
				CURRENT_PROJECT_VERSION = 1;
				GENERATE_INFOPLIST_FILE = YES;
				IPHONEOS_DEPLOYMENT_TARGET = 17.0;
				MARKETING_VERSION = 1.0;
				PRODUCT_BUNDLE_IDENTIFIER = "tech.gassi.sample-messenger-kitTests";
				PRODUCT_NAME = "$(TARGET_NAME)";
				SWIFT_EMIT_LOC_STRINGS = NO;
				SWIFT_VERSION = 5.0;
				TARGETED_DEVICE_FAMILY = "1,2";
				TEST_HOST = "$(BUILT_PRODUCTS_DIR)/sample-messenger-kit.app/$(BUNDLE_EXECUTABLE_FOLDER_PATH)/sample-messenger-kit";
			};
			name = Debug;
		};
		752ECFF92B119B8400498245 /* Release */ = {
			isa = XCBuildConfiguration;
			buildSettings = {
				ALWAYS_EMBED_SWIFT_STANDARD_LIBRARIES = YES;
				BUNDLE_LOADER = "$(TEST_HOST)";
				CODE_SIGN_STYLE = Automatic;
				CURRENT_PROJECT_VERSION = 1;
				GENERATE_INFOPLIST_FILE = YES;
				IPHONEOS_DEPLOYMENT_TARGET = 17.0;
				MARKETING_VERSION = 1.0;
				PRODUCT_BUNDLE_IDENTIFIER = "tech.gassi.sample-messenger-kitTests";
				PRODUCT_NAME = "$(TARGET_NAME)";
				SWIFT_EMIT_LOC_STRINGS = NO;
				SWIFT_VERSION = 5.0;
				TARGETED_DEVICE_FAMILY = "1,2";
				TEST_HOST = "$(BUILT_PRODUCTS_DIR)/sample-messenger-kit.app/$(BUNDLE_EXECUTABLE_FOLDER_PATH)/sample-messenger-kit";
			};
			name = Release;
		};
		752ECFFB2B119B8400498245 /* Debug */ = {
			isa = XCBuildConfiguration;
			buildSettings = {
				ALWAYS_EMBED_SWIFT_STANDARD_LIBRARIES = YES;
				CODE_SIGN_STYLE = Automatic;
				CURRENT_PROJECT_VERSION = 1;
				GENERATE_INFOPLIST_FILE = YES;
				MARKETING_VERSION = 1.0;
				PRODUCT_BUNDLE_IDENTIFIER = "tech.gassi.sample-messenger-kitUITests";
				PRODUCT_NAME = "$(TARGET_NAME)";
				SWIFT_EMIT_LOC_STRINGS = NO;
				SWIFT_VERSION = 5.0;
				TARGETED_DEVICE_FAMILY = "1,2";
				TEST_TARGET_NAME = "sample-messenger-kit";
			};
			name = Debug;
		};
		752ECFFC2B119B8400498245 /* Release */ = {
			isa = XCBuildConfiguration;
			buildSettings = {
				ALWAYS_EMBED_SWIFT_STANDARD_LIBRARIES = YES;
				CODE_SIGN_STYLE = Automatic;
				CURRENT_PROJECT_VERSION = 1;
				GENERATE_INFOPLIST_FILE = YES;
				MARKETING_VERSION = 1.0;
				PRODUCT_BUNDLE_IDENTIFIER = "tech.gassi.sample-messenger-kitUITests";
				PRODUCT_NAME = "$(TARGET_NAME)";
				SWIFT_EMIT_LOC_STRINGS = NO;
				SWIFT_VERSION = 5.0;
				TARGETED_DEVICE_FAMILY = "1,2";
				TEST_TARGET_NAME = "sample-messenger-kit";
			};
			name = Release;
		};
/* End XCBuildConfiguration section */

/* Begin XCConfigurationList section */
		752ECFC52B119B8300498245 /* Build configuration list for PBXProject "sample-messenger-kit" */ = {
			isa = XCConfigurationList;
			buildConfigurations = (
				752ECFF22B119B8400498245 /* Debug */,
				752ECFF32B119B8400498245 /* Release */,
			);
			defaultConfigurationIsVisible = 0;
			defaultConfigurationName = Release;
		};
		752ECFF42B119B8400498245 /* Build configuration list for PBXNativeTarget "sample-messenger-kit" */ = {
			isa = XCConfigurationList;
			buildConfigurations = (
				752ECFF52B119B8400498245 /* Debug */,
				752ECFF62B119B8400498245 /* Release */,
			);
			defaultConfigurationIsVisible = 0;
			defaultConfigurationName = Release;
		};
		752ECFF72B119B8400498245 /* Build configuration list for PBXNativeTarget "sample-messenger-kitTests" */ = {
			isa = XCConfigurationList;
			buildConfigurations = (
				752ECFF82B119B8400498245 /* Debug */,
				752ECFF92B119B8400498245 /* Release */,
			);
			defaultConfigurationIsVisible = 0;
			defaultConfigurationName = Release;
		};
		752ECFFA2B119B8400498245 /* Build configuration list for PBXNativeTarget "sample-messenger-kitUITests" */ = {
			isa = XCConfigurationList;
			buildConfigurations = (
				752ECFFB2B119B8400498245 /* Debug */,
				752ECFFC2B119B8400498245 /* Release */,
			);
			defaultConfigurationIsVisible = 0;
			defaultConfigurationName = Release;
		};
/* End XCConfigurationList section */

/* Begin XCRemoteSwiftPackageReference section */
		752ECFFD2B119BCA00498245 /* XCRemoteSwiftPackageReference "MessageKit" */ = {
			isa = XCRemoteSwiftPackageReference;
			repositoryURL = "https://github.com/MessageKit/MessageKit";
			requirement = {
				kind = upToNextMajorVersion;
				minimumVersion = 4.2.0;
			};
		};
/* End XCRemoteSwiftPackageReference section */

/* Begin XCSwiftPackageProductDependency section */
		752ECFFE2B119BCA00498245 /* MessageKit */ = {
			isa = XCSwiftPackageProductDependency;
			package = 752ECFFD2B119BCA00498245 /* XCRemoteSwiftPackageReference "MessageKit" */;
			productName = MessageKit;
		};
/* End XCSwiftPackageProductDependency section */
	};
	rootObject = 752ECFC22B119B8300498245 /* Project object */;
}
